# This file is automatically @generated by Cargo.
# It is not intended for manual editing.
version = 4

[[package]]
name = "base32"
version = "0.5.1"
source = "registry+https://github.com/rust-lang/crates.io-index"
checksum = "022dfe9eb35f19ebbcb51e0b40a5ab759f46ad60cadf7297e0bd085afb50e076"

[[package]]
name = "d2-color"
version = "0.1.0"

[[package]]
name = "d2-geo"
version = "0.1.0"

[[package]]
name = "d2-label"
version = "0.1.0"
dependencies = [
 "d2-geo",
]

[[package]]
name = "d2-svg-path"
version = "0.1.0"
dependencies = [
 "base32",
 "d2-geo",
]
